
Microsoft Visual Studio Solution File, Format Version 12.00
# Visual Studio Version 16
VisualStudioVersion = 16.0.31911.196
MinimumVisualStudioVersion = 10.0.40219.1
Project("{FAE04EC0-301F-11D3-BF4B-00C04F79EFBC}") = "Polymorphism-Dronov-IS-21-2", "Polymorphism-Dronov-IS-21-2.csproj", "{ACBDEF49-A390-4B5B-BF37-36DA7F0E1426}"
EndProject
Global
	GlobalSection(SolutionConfigurationPlatforms) = preSolution
		Debug|Any CPU = Debug|Any CPU
		Release|Any CPU = Release|Any CPU
	EndGlobalSection
	GlobalSection(ProjectConfigurationPlatforms) = postSolution
		{ACBDEF49-A390-4B5B-BF37-36DA7F0E1426}.Debug|Any CPU.ActiveCfg = Debug|Any CPU
		{ACBDEF49-A390-4B5B-BF37-36DA7F0E1426}.Debug|Any CPU.Build.0 = Debug|Any CPU
		{ACBDEF49-A390-4B5B-BF37-36DA7F0E1426}.Release|Any CPU.ActiveCfg = Release|Any CPU
		{ACBDEF49-A390-4B5B-BF37-36DA7F0E1426}.Release|Any CPU.Build.0 = Release|Any CPU
	EndGlobalSection
	GlobalSection(SolutionProperties) = preSolution
		HideSolutionNode = FALSE
	EndGlobalSection
	GlobalSection(ExtensibilityGlobals) = postSolution
		SolutionGuid = {6C709D99-4614-4F11-91C3-1C77B43FB1D6}
	EndGlobalSection
EndGlobal
